
Microsoft Visual Studio Solution File, Format Version 12.00
# Visual Studio 14
VisualStudioVersion = 14.0.25420.1
MinimumVisualStudioVersion = 10.0.40219.1
Project("{FAE04EC0-301F-11D3-BF4B-00C04F79EFBC}") = "HomeWork1", "HomeWork1\HomeWork1.csproj", "{A7604C9A-DBD7-4ED5-9015-DB074E318B71}"
EndProject
Project("{FAE04EC0-301F-11D3-BF4B-00C04F79EFBC}") = "HomeWork1_On2", "HomeWork1_On2\HomeWork1_On2.csproj", "{D46B26DA-6924-4DB5-9935-CF5F351E68D6}"
EndProject
Project("{FAE04EC0-301F-11D3-BF4B-00C04F79EFBC}") = "HomeWork2", "HomeWork2\HomeWork2.csproj", "{B2A2A4FD-C232-401D-8A2B-A9B0A53B28EF}"
EndProject
Project("{FAE04EC0-301F-11D3-BF4B-00C04F79EFBC}") = "HomeWork3", "HomeWork3\HomeWork3.csproj", "{21CCD3A0-8DAF-4780-A9F0-ACD8E36614FA}"
EndProject
Project("{FAE04EC0-301F-11D3-BF4B-00C04F79EFBC}") = "HomeWork4", "HomeWork4\HomeWork4.csproj", "{0BDD5971-EB27-46F5-BCCF-2EF25BF82ED5}"
EndProject
Project("{FAE04EC0-301F-11D3-BF4B-00C04F79EFBC}") = "HomeWorkUtils", "HomeWorkUtils\HomeWorkUtils.csproj", "{19D6244C-E0A7-42D2-9EFD-FAB0E271B0AF}"
EndProject
Global
	GlobalSection(SolutionConfigurationPlatforms) = preSolution
		Debug|Any CPU = Debug|Any CPU
		Release|Any CPU = Release|Any CPU
	EndGlobalSection
	GlobalSection(ProjectConfigurationPlatforms) = postSolution
		{A7604C9A-DBD7-4ED5-9015-DB074E318B71}.Debug|Any CPU.ActiveCfg = Debug|Any CPU
		{A7604C9A-DBD7-4ED5-9015-DB074E318B71}.Debug|Any CPU.Build.0 = Debug|Any CPU
		{A7604C9A-DBD7-4ED5-9015-DB074E318B71}.Release|Any CPU.ActiveCfg = Release|Any CPU
		{A7604C9A-DBD7-4ED5-9015-DB074E318B71}.Release|Any CPU.Build.0 = Release|Any CPU
		{D46B26DA-6924-4DB5-9935-CF5F351E68D6}.Debug|Any CPU.ActiveCfg = Debug|Any CPU
		{D46B26DA-6924-4DB5-9935-CF5F351E68D6}.Debug|Any CPU.Build.0 = Debug|Any CPU
		{D46B26DA-6924-4DB5-9935-CF5F351E68D6}.Release|Any CPU.ActiveCfg = Release|Any CPU
		{D46B26DA-6924-4DB5-9935-CF5F351E68D6}.Release|Any CPU.Build.0 = Release|Any CPU
		{B2A2A4FD-C232-401D-8A2B-A9B0A53B28EF}.Debug|Any CPU.ActiveCfg = Debug|Any CPU
		{B2A2A4FD-C232-401D-8A2B-A9B0A53B28EF}.Debug|Any CPU.Build.0 = Debug|Any CPU
		{B2A2A4FD-C232-401D-8A2B-A9B0A53B28EF}.Release|Any CPU.ActiveCfg = Release|Any CPU
		{B2A2A4FD-C232-401D-8A2B-A9B0A53B28EF}.Release|Any CPU.Build.0 = Release|Any CPU
		{21CCD3A0-8DAF-4780-A9F0-ACD8E36614FA}.Debug|Any CPU.ActiveCfg = Debug|Any CPU
		{21CCD3A0-8DAF-4780-A9F0-ACD8E36614FA}.Debug|Any CPU.Build.0 = Debug|Any CPU
		{21CCD3A0-8DAF-4780-A9F0-ACD8E36614FA}.Release|Any CPU.ActiveCfg = Release|Any CPU
		{21CCD3A0-8DAF-4780-A9F0-ACD8E36614FA}.Release|Any CPU.Build.0 = Release|Any CPU
		{0BDD5971-EB27-46F5-BCCF-2EF25BF82ED5}.Debug|Any CPU.ActiveCfg = Debug|Any CPU
		{0BDD5971-EB27-46F5-BCCF-2EF25BF82ED5}.Debug|Any CPU.Build.0 = Debug|Any CPU
		{0BDD5971-EB27-46F5-BCCF-2EF25BF82ED5}.Release|Any CPU.ActiveCfg = Release|Any CPU
		{0BDD5971-EB27-46F5-BCCF-2EF25BF82ED5}.Release|Any CPU.Build.0 = Release|Any CPU
		{19D6244C-E0A7-42D2-9EFD-FAB0E271B0AF}.Debug|Any CPU.ActiveCfg = Debug|Any CPU
		{19D6244C-E0A7-42D2-9EFD-FAB0E271B0AF}.Debug|Any CPU.Build.0 = Debug|Any CPU
		{19D6244C-E0A7-42D2-9EFD-FAB0E271B0AF}.Release|Any CPU.ActiveCfg = Release|Any CPU
		{19D6244C-E0A7-42D2-9EFD-FAB0E271B0AF}.Release|Any CPU.Build.0 = Release|Any CPU
	EndGlobalSection
	GlobalSection(SolutionProperties) = preSolution
		HideSolutionNode = FALSE
	EndGlobalSection
EndGlobal
