
Microsoft Visual Studio Solution File, Format Version 12.00
# Visual Studio 15
VisualStudioVersion = 15.0.26228.9
MinimumVisualStudioVersion = 10.0.40219.1
Project("{FAE04EC0-301F-11D3-BF4B-00C04F79EFBC}") = "HomeWork1", "HomeWork1\HomeWork1.csproj", "{A7604C9A-DBD7-4ED5-9015-DB074E318B71}"
EndProject
Project("{FAE04EC0-301F-11D3-BF4B-00C04F79EFBC}") = "HomeWork2", "HomeWork2\HomeWork2.csproj", "{B2A2A4FD-C232-401D-8A2B-A9B0A53B28EF}"
EndProject
Project("{FAE04EC0-301F-11D3-BF4B-00C04F79EFBC}") = "HomeWork3", "HomeWork3\HomeWork3.csproj", "{21CCD3A0-8DAF-4780-A9F0-ACD8E36614FA}"
EndProject
Project("{FAE04EC0-301F-11D3-BF4B-00C04F79EFBC}") = "HomeWork4", "HomeWork4\HomeWork4.csproj", "{0BDD5971-EB27-46F5-BCCF-2EF25BF82ED5}"
EndProject
Project("{FAE04EC0-301F-11D3-BF4B-00C04F79EFBC}") = "MathExpressionSolver", "MathExpressionSolver\MathExpressionSolver.csproj", "{19D6244C-E0A7-42D2-9EFD-FAB0E271B0AF}"
EndProject
Project("{FAE04EC0-301F-11D3-BF4B-00C04F79EFBC}") = "HomeWork5", "HomeWork5\HomeWork5.csproj", "{CAEFC0A5-B0FF-4B4F-81F0-1B4299F1C335}"
EndProject
Project("{FAE04EC0-301F-11D3-BF4B-00C04F79EFBC}") = "HomeWork1_On2", "HomeWork1\HomeWork1_On2\HomeWork1_On2.csproj", "{D46B26DA-6924-4DB5-9935-CF5F351E68D6}"
EndProject
Project("{FAE04EC0-301F-11D3-BF4B-00C04F79EFBC}") = "HomeWork6", "HomeWork6\HomeWork6.csproj", "{9735277B-7FC4-4E7B-8708-3909DAC3A847}"
EndProject
Project("{FAE04EC0-301F-11D3-BF4B-00C04F79EFBC}") = "HomeWork7", "HomeWork7\HomeWork7.csproj", "{74C4AAEA-E573-4398-9384-3D303718CCED}"
EndProject
Global
	GlobalSection(SolutionConfigurationPlatforms) = preSolution
		Debug|Any CPU = Debug|Any CPU
		Release|Any CPU = Release|Any CPU
	EndGlobalSection
	GlobalSection(ProjectConfigurationPlatforms) = postSolution
		{A7604C9A-DBD7-4ED5-9015-DB074E318B71}.Debug|Any CPU.ActiveCfg = Debug|Any CPU
		{A7604C9A-DBD7-4ED5-9015-DB074E318B71}.Debug|Any CPU.Build.0 = Debug|Any CPU
		{A7604C9A-DBD7-4ED5-9015-DB074E318B71}.Release|Any CPU.ActiveCfg = Release|Any CPU
		{A7604C9A-DBD7-4ED5-9015-DB074E318B71}.Release|Any CPU.Build.0 = Release|Any CPU
		{B2A2A4FD-C232-401D-8A2B-A9B0A53B28EF}.Debug|Any CPU.ActiveCfg = Debug|Any CPU
		{B2A2A4FD-C232-401D-8A2B-A9B0A53B28EF}.Debug|Any CPU.Build.0 = Debug|Any CPU
		{B2A2A4FD-C232-401D-8A2B-A9B0A53B28EF}.Release|Any CPU.ActiveCfg = Release|Any CPU
		{B2A2A4FD-C232-401D-8A2B-A9B0A53B28EF}.Release|Any CPU.Build.0 = Release|Any CPU
		{21CCD3A0-8DAF-4780-A9F0-ACD8E36614FA}.Debug|Any CPU.ActiveCfg = Debug|Any CPU
		{21CCD3A0-8DAF-4780-A9F0-ACD8E36614FA}.Debug|Any CPU.Build.0 = Debug|Any CPU
		{21CCD3A0-8DAF-4780-A9F0-ACD8E36614FA}.Release|Any CPU.ActiveCfg = Release|Any CPU
		{21CCD3A0-8DAF-4780-A9F0-ACD8E36614FA}.Release|Any CPU.Build.0 = Release|Any CPU
		{0BDD5971-EB27-46F5-BCCF-2EF25BF82ED5}.Debug|Any CPU.ActiveCfg = Debug|Any CPU
		{0BDD5971-EB27-46F5-BCCF-2EF25BF82ED5}.Debug|Any CPU.Build.0 = Debug|Any CPU
		{0BDD5971-EB27-46F5-BCCF-2EF25BF82ED5}.Release|Any CPU.ActiveCfg = Release|Any CPU
		{0BDD5971-EB27-46F5-BCCF-2EF25BF82ED5}.Release|Any CPU.Build.0 = Release|Any CPU
		{19D6244C-E0A7-42D2-9EFD-FAB0E271B0AF}.Debug|Any CPU.ActiveCfg = Debug|Any CPU
		{19D6244C-E0A7-42D2-9EFD-FAB0E271B0AF}.Debug|Any CPU.Build.0 = Debug|Any CPU
		{19D6244C-E0A7-42D2-9EFD-FAB0E271B0AF}.Release|Any CPU.ActiveCfg = Release|Any CPU
		{19D6244C-E0A7-42D2-9EFD-FAB0E271B0AF}.Release|Any CPU.Build.0 = Release|Any CPU
		{CAEFC0A5-B0FF-4B4F-81F0-1B4299F1C335}.Debug|Any CPU.ActiveCfg = Debug|Any CPU
		{CAEFC0A5-B0FF-4B4F-81F0-1B4299F1C335}.Debug|Any CPU.Build.0 = Debug|Any CPU
		{CAEFC0A5-B0FF-4B4F-81F0-1B4299F1C335}.Release|Any CPU.ActiveCfg = Release|Any CPU
		{CAEFC0A5-B0FF-4B4F-81F0-1B4299F1C335}.Release|Any CPU.Build.0 = Release|Any CPU
		{D46B26DA-6924-4DB5-9935-CF5F351E68D6}.Debug|Any CPU.ActiveCfg = Debug|Any CPU
		{D46B26DA-6924-4DB5-9935-CF5F351E68D6}.Debug|Any CPU.Build.0 = Debug|Any CPU
		{D46B26DA-6924-4DB5-9935-CF5F351E68D6}.Release|Any CPU.ActiveCfg = Release|Any CPU
		{D46B26DA-6924-4DB5-9935-CF5F351E68D6}.Release|Any CPU.Build.0 = Release|Any CPU
		{9735277B-7FC4-4E7B-8708-3909DAC3A847}.Debug|Any CPU.ActiveCfg = Debug|Any CPU
		{9735277B-7FC4-4E7B-8708-3909DAC3A847}.Debug|Any CPU.Build.0 = Debug|Any CPU
		{9735277B-7FC4-4E7B-8708-3909DAC3A847}.Release|Any CPU.ActiveCfg = Release|Any CPU
		{9735277B-7FC4-4E7B-8708-3909DAC3A847}.Release|Any CPU.Build.0 = Release|Any CPU
		{74C4AAEA-E573-4398-9384-3D303718CCED}.Debug|Any CPU.ActiveCfg = Debug|Any CPU
		{74C4AAEA-E573-4398-9384-3D303718CCED}.Debug|Any CPU.Build.0 = Debug|Any CPU
		{74C4AAEA-E573-4398-9384-3D303718CCED}.Release|Any CPU.ActiveCfg = Release|Any CPU
		{74C4AAEA-E573-4398-9384-3D303718CCED}.Release|Any CPU.Build.0 = Release|Any CPU
	EndGlobalSection
	GlobalSection(SolutionProperties) = preSolution
		HideSolutionNode = FALSE
	EndGlobalSection
EndGlobal
